<?xml version="1.0" encoding="utf-8"?>
<Solution>
  <Folder Name="/Solution Items/">
    <File Path=".editorconfig" />
    <File Path=".gitignore" />
    <File Path="global.json" />
    <File Path="LICENSE" />
    <File Path="README.md" />
    <File Path="version.json" />
    <File Path="CONTRIBUTING.md" />
    <File Path="Directory.Build.props" />
    <File Path="Directory.Packages.props" />
    <File Path="Publish.ps1" />
    <File Path="SECURITY.md" />
  </Folder>
  <Project Path="Serilog.Sinks.PostgreSql.IntegrationTests/Serilog.Sinks.PostgreSql.IntegrationTests.csproj" />
  <Project Path="Serilog.Sinks.PostgreSql.Tests/Serilog.Sinks.PostgreSql.Tests.csproj" />
  <Project Path="Serilog.Sinks.PostgreSql/Serilog.Sinks.PostgreSql.csproj" />
</Solution>